
Microsoft Visual Studio Solution File, Format Version 12.00
# Visual Studio 15
VisualStudioVersion = 15.0.28307.489
MinimumVisualStudioVersion = 10.0.40219.1
Project("{FAE04EC0-301F-11D3-BF4B-00C04F79EFBC}") = "ChessEngine", "ChessEngine\ChessEngine.csproj", "{E4AA4117-E85B-42C1-9D21-1991A700113E}"
EndProject
Project("{FAE04EC0-301F-11D3-BF4B-00C04F79EFBC}") = "ChessEngine.Data", "ChessEngine.Data\ChessEngine.Data.csproj", "{1B6A548E-7B91-4A8D-931A-698C47AA6A7E}"
EndProject
Project("{FAE04EC0-301F-11D3-BF4B-00C04F79EFBC}") = "ChessEngine.Services", "ChessEngine.Services\ChessEngine.Services.csproj", "{4F0F0F2D-902D-4B06-B9A8-D697C1E58CA9}"
EndProject
Project("{FAE04EC0-301F-11D3-BF4B-00C04F79EFBC}") = "ChessEngine.EventAggregator", "ChessEngine.EventAggregator\ChessEngine.EventAggregator.csproj", "{E316EC97-BC8E-4D1F-AA48-8D4F392D9205}"
EndProject
Global
	GlobalSection(SolutionConfigurationPlatforms) = preSolution
		Debug|Any CPU = Debug|Any CPU
		Release|Any CPU = Release|Any CPU
	EndGlobalSection
	GlobalSection(ProjectConfigurationPlatforms) = postSolution
		{E4AA4117-E85B-42C1-9D21-1991A700113E}.Debug|Any CPU.ActiveCfg = Debug|Any CPU
		{E4AA4117-E85B-42C1-9D21-1991A700113E}.Debug|Any CPU.Build.0 = Debug|Any CPU
		{E4AA4117-E85B-42C1-9D21-1991A700113E}.Release|Any CPU.ActiveCfg = Release|Any CPU
		{E4AA4117-E85B-42C1-9D21-1991A700113E}.Release|Any CPU.Build.0 = Release|Any CPU
		{1B6A548E-7B91-4A8D-931A-698C47AA6A7E}.Debug|Any CPU.ActiveCfg = Debug|Any CPU
		{1B6A548E-7B91-4A8D-931A-698C47AA6A7E}.Debug|Any CPU.Build.0 = Debug|Any CPU
		{1B6A548E-7B91-4A8D-931A-698C47AA6A7E}.Release|Any CPU.ActiveCfg = Release|Any CPU
		{1B6A548E-7B91-4A8D-931A-698C47AA6A7E}.Release|Any CPU.Build.0 = Release|Any CPU
		{4F0F0F2D-902D-4B06-B9A8-D697C1E58CA9}.Debug|Any CPU.ActiveCfg = Debug|Any CPU
		{4F0F0F2D-902D-4B06-B9A8-D697C1E58CA9}.Debug|Any CPU.Build.0 = Debug|Any CPU
		{4F0F0F2D-902D-4B06-B9A8-D697C1E58CA9}.Release|Any CPU.ActiveCfg = Release|Any CPU
		{4F0F0F2D-902D-4B06-B9A8-D697C1E58CA9}.Release|Any CPU.Build.0 = Release|Any CPU
		{E316EC97-BC8E-4D1F-AA48-8D4F392D9205}.Debug|Any CPU.ActiveCfg = Debug|Any CPU
		{E316EC97-BC8E-4D1F-AA48-8D4F392D9205}.Debug|Any CPU.Build.0 = Debug|Any CPU
		{E316EC97-BC8E-4D1F-AA48-8D4F392D9205}.Release|Any CPU.ActiveCfg = Release|Any CPU
		{E316EC97-BC8E-4D1F-AA48-8D4F392D9205}.Release|Any CPU.Build.0 = Release|Any CPU
	EndGlobalSection
	GlobalSection(SolutionProperties) = preSolution
		HideSolutionNode = FALSE
	EndGlobalSection
	GlobalSection(ExtensibilityGlobals) = postSolution
		SolutionGuid = {6A276D0F-8C2E-4596-B8A1-FB33192C699E}
	EndGlobalSection
EndGlobal
